{
  "version": "4",
  "specifiers": {
    "npm:@amatiasq/scheduler@3": "3.0.0",
    "npm:@electric-sql/pglite@~0.2.5": "0.2.5",
    "npm:@icholy/duration@^5.1.0": "5.1.0",
    "npm:@solidjs/router@~0.14.1": "0.14.3_solid-js@1.8.22__seroval@1.1.1",
    "npm:@types/node@*": "18.16.19",
    "npm:@types/node@^20.14.8": "20.16.4",
    "npm:cbor-redux@1.0.0": "1.0.0",
    "npm:decimal.js@^10.4.3": "10.4.3",
    "npm:dotenv@^16.4.5": "16.4.5",
    "npm:drizzle-orm@*": "0.31.4_@electric-sql+pglite@0.2.5_postgres@3.4.4",
    "npm:drizzle-orm@~0.31.4": "0.31.4_@electric-sql+pglite@0.2.5_postgres@3.4.4",
    "npm:json5@2.2.3": "2.2.3",
    "npm:postgres@*": "3.4.4",
    "npm:postgres@^3.4.4": "3.4.4",
    "npm:semver@*": "6.3.1",
    "npm:solid-js@^1.8.18": "1.8.22_seroval@1.1.1",
    "npm:uuidv7@0.6.3": "0.6.3",
    "npm:vite-plugin-import-maps@~0.1.2": "0.1.2_vite@2.6.14__less@4.2.0__sass@1.78.0__stylus@0.63.0_less@4.2.0_sass@1.78.0_stylus@0.63.0",
    "npm:vite-plugin-solid@^2.10.2": "2.10.2_solid-js@1.8.22__seroval@1.1.1_vite@5.4.3__@types+node@20.16.4_@babel+core@7.25.2_@types+node@20.16.4",
    "npm:vite-tsconfig-paths@^5.0.1": "5.0.1_vite@5.4.3__@types+node@20.16.4_@types+node@18.16.19",
    "npm:vite@^5.4.3": "5.4.3_@types+node@20.16.4",
    "npm:zod@*": "3.23.8"
  },
  "npm": {
    "@adobe/css-tools@4.3.3": {
      "integrity": "sha512-rE0Pygv0sEZ4vBWHlAgJLGDU7Pm8xoO6p3wsEceb7GYAjScrOHpEo8KK/eVkAcnSM+slAEtXjA2JpdjLp4fJQQ=="
    },
    "@amatiasq/scheduler@3.0.0": {
      "integrity": "sha512-R8YGE4yJpnh9DkS+DIMxxiHdgKpNdAOGecv3Xi5yz/9zYeYNrgFb+7+qR1GRG0epI5QUeaPnc6F2zumxgcjOOg=="
    },
    "@ampproject/remapping@2.3.0": {
      "integrity": "sha512-30iZtAPgz+LTIYoeivqYo853f02jBYSd5uGnGpkFV0M3xOt9aN73erkgYAmZU43x4VfqcnLxW9Kpg3R5LC4YYw==",
      "dependencies": [
        "@jridgewell/gen-mapping",
        "@jridgewell/trace-mapping"
      ]
    },
    "@babel/code-frame@7.24.7": {
      "integrity": "sha512-BcYH1CVJBO9tvyIZ2jVeXgSIMvGZ2FDRvDdOIVQyuklNKSsx+eppDEBq/g47Ayw+RqNFE+URvOShmf+f/qwAlA==",
      "dependencies": [
        "@babel/highlight",
        "picocolors"
      ]
    },
    "@babel/compat-data@7.25.4": {
      "integrity": "sha512-+LGRog6RAsCJrrrg/IO6LGmpphNe5DiK30dGjCoxxeGv49B10/3XYGxPsAwrDlMFcFEvdAUavDT8r9k/hSyQqQ=="
    },
    "@babel/core@7.25.2": {
      "integrity": "sha512-BBt3opiCOxUr9euZ5/ro/Xv8/V7yJ5bjYMqG/C1YAo8MIKAnumZalCN+msbci3Pigy4lIQfPUpfMM27HMGaYEA==",
      "dependencies": [
        "@ampproject/remapping",
        "@babel/code-frame",
        "@babel/generator",
        "@babel/helper-compilation-targets",
        "@babel/helper-module-transforms",
        "@babel/helpers",
        "@babel/parser",
        "@babel/template",
        "@babel/traverse",
        "@babel/types",
        "convert-source-map",
        "debug",
        "gensync",
        "json5",
        "semver@6.3.1"
      ]
    },
    "@babel/generator@7.25.6": {
      "integrity": "sha512-VPC82gr1seXOpkjAAKoLhP50vx4vGNlF4msF64dSFq1P8RfB+QAuJWGHPXXPc8QyfVWwwB/TNNU4+ayZmHNbZw==",
      "dependencies": [
        "@babel/types",
        "@jridgewell/gen-mapping",
        "@jridgewell/trace-mapping",
        "jsesc"
      ]
    },
    "@babel/helper-compilation-targets@7.25.2": {
      "integrity": "sha512-U2U5LsSaZ7TAt3cfaymQ8WHh0pxvdHoEk6HVpaexxixjyEquMh0L0YNJNM6CTGKMXV1iksi0iZkGw4AcFkPaaw==",
      "dependencies": [
        "@babel/compat-data",
        "@babel/helper-validator-option",
        "browserslist",
        "lru-cache",
        "semver@6.3.1"
      ]
    },
    "@babel/helper-module-imports@7.18.6": {
      "integrity": "sha512-0NFvs3VkuSYbFi1x2Vd6tKrywq+z/cLeYC/RJNFrIX/30Bf5aiGYbtvGXolEktzJH8o5E5KJ3tT+nkxuuZFVlA==",
      "dependencies": [
        "@babel/types"
      ]
    },
    "@babel/helper-module-imports@7.24.7": {
      "integrity": "sha512-8AyH3C+74cgCVVXow/myrynrAGv+nTVg5vKu2nZph9x7RcRwzmh0VFallJuFTZ9mx6u4eSdXZfcOzSqTUm0HCA==",
      "dependencies": [
        "@babel/traverse",
        "@babel/types"
      ]
    },
    "@babel/helper-module-transforms@7.25.2_@babel+core@7.25.2": {
      "integrity": "sha512-BjyRAbix6j/wv83ftcVJmBt72QtHI56C7JXZoG2xATiLpmoC7dpd8WnkikExHDVPpi/3qCmO6WY1EaXOluiecQ==",
      "dependencies": [
        "@babel/core",
        "@babel/helper-module-imports@7.24.7",
        "@babel/helper-simple-access",
        "@babel/helper-validator-identifier",
        "@babel/traverse"
      ]
    },
    "@babel/helper-plugin-utils@7.24.8": {
      "integrity": "sha512-FFWx5142D8h2Mgr/iPVGH5G7w6jDn4jUSpZTyDnQO0Yn7Ks2Kuz6Pci8H6MPCoUJegd/UZQ3tAvfLCxQSnWWwg=="
    },
    "@babel/helper-simple-access@7.24.7": {
      "integrity": "sha512-zBAIvbCMh5Ts+b86r/CjU+4XGYIs+R1j951gxI3KmmxBMhCg4oQMsv6ZXQ64XOm/cvzfU1FmoCyt6+owc5QMYg==",
      "dependencies": [
        "@babel/traverse",
        "@babel/types"
      ]
    },
    "@babel/helper-string-parser@7.24.8": {
      "integrity": "sha512-pO9KhhRcuUyGnJWwyEgnRJTSIZHiT+vMD0kPeD+so0l7mxkMT19g3pjY9GTnHySck/hDzq+dtW/4VgnMkippsQ=="
    },
    "@babel/helper-validator-identifier@7.24.7": {
      "integrity": "sha512-rR+PBcQ1SMQDDyF6X0wxtG8QyLCgUB0eRAGguqRLfkCA87l7yAP7ehq8SNj96OOGTO8OBV70KhuFYcIkHXOg0w=="
    },
    "@babel/helper-validator-option@7.24.8": {
      "integrity": "sha512-xb8t9tD1MHLungh/AIoWYN+gVHaB9kwlu8gffXGSt3FFEIT7RjS+xWbc2vUD1UTZdIpKj/ab3rdqJ7ufngyi2Q=="
    },
    "@babel/helpers@7.25.6": {
      "integrity": "sha512-Xg0tn4HcfTijTwfDwYlvVCl43V6h4KyVVX2aEm4qdO/PC6L2YvzLHFdmxhoeSA3eslcE6+ZVXHgWwopXYLNq4Q==",
      "dependencies": [
        "@babel/template",
        "@babel/types"
      ]
    },
    "@babel/highlight@7.24.7": {
      "integrity": "sha512-EStJpq4OuY8xYfhGVXngigBJRWxftKX9ksiGDnmlY3o7B/V7KIAc9X4oiK87uPJSc/vs5L869bem5fhZa8caZw==",
      "dependencies": [
        "@babel/helper-validator-identifier",
        "chalk",
        "js-tokens",
        "picocolors"
      ]
    },
    "@babel/parser@7.25.6": {
      "integrity": "sha512-trGdfBdbD0l1ZPmcJ83eNxB9rbEax4ALFTF7fN386TMYbeCQbyme5cOEXQhbGXKebwGaB/J52w1mrklMcbgy6Q==",
      "dependencies": [
        "@babel/types"
      ]
    },
    "@babel/plugin-syntax-jsx@7.24.7_@babel+core@7.25.2": {
      "integrity": "sha512-6ddciUPe/mpMnOKv/U+RSd2vvVy+Yw/JfBB0ZHYjEZt9NLHmCUylNYlsbqCCS1Bffjlb0fCwC9Vqz+sBz6PsiQ==",
      "dependencies": [
        "@babel/core",
        "@babel/helper-plugin-utils"
      ]
    },
    "@babel/template@7.25.0": {
      "integrity": "sha512-aOOgh1/5XzKvg1jvVz7AVrx2piJ2XBi227DHmbY6y+bM9H2FlN+IfecYu4Xl0cNiiVejlsCri89LUsbj8vJD9Q==",
      "dependencies": [
        "@babel/code-frame",
        "@babel/parser",
        "@babel/types"
      ]
    },
    "@babel/traverse@7.25.6": {
      "integrity": "sha512-9Vrcx5ZW6UwK5tvqsj0nGpp/XzqthkT0dqIc9g1AdtygFToNtTF67XzYS//dm+SAK9cp3B9R4ZO/46p63SCjlQ==",
      "dependencies": [
        "@babel/code-frame",
        "@babel/generator",
        "@babel/parser",
        "@babel/template",
        "@babel/types",
        "debug",
        "globals"
      ]
    },
    "@babel/types@7.25.6": {
      "integrity": "sha512-/l42B1qxpG6RdfYf343Uw1vmDjeNhneUXtzhojE7pDgfpEypmRhI6j1kr17XCVv4Cgl9HdAiQY2x0GwKm7rWCw==",
      "dependencies": [
        "@babel/helper-string-parser",
        "@babel/helper-validator-identifier",
        "to-fast-properties"
      ]
    },
    "@deno/shim-deno-test@0.4.0": {
      "integrity": "sha512-oYWcD7CpERZy/TXMTM9Tgh1HD/POHlbY9WpzmAk+5H8DohcxG415Qws8yLGlim3EaKBT2v3lJv01x4G0BosnaQ=="
    },
    "@deno/shim-deno@0.16.1": {
      "integrity": "sha512-s9v0kzF5bm/o9TgdwvsraHx6QNllYrXXmKzgOG2lh4LFXnVMr2gpjK/c/ve6EflQn1MqImcWmVD8HAv5ahuuZQ==",
      "dependencies": [
        "@deno/shim-deno-test",
        "which"
      ]
    },
    "@electric-sql/pglite@0.2.5": {
      "integrity": "sha512-LrMX2kX0mCVN4xkhIDv1KBVukWtoOI/+P9MDQgHX5QEeZCi5S60LZOa0VWXjufPEz7mJtbuXWJRujD++t0gsHA=="
    },
    "@esbuild/aix-ppc64@0.21.5": {
      "integrity": "sha512-1SDgH6ZSPTlggy1yI6+Dbkiz8xzpHJEVAlF/AM1tHPLsf5STom9rwtjE4hKAF20FfXXNTFqEYXyJNWh1GiZedQ=="
    },
    "@esbuild/android-arm64@0.21.5": {
      "integrity": "sha512-c0uX9VAUBQ7dTDCjq+wdyGLowMdtR/GoC2U5IYk/7D1H1JYC0qseD7+11iMP2mRLN9RcCMRcjC4YMclCzGwS/A=="
    },
    "@esbuild/android-arm@0.21.5": {
      "integrity": "sha512-vCPvzSjpPHEi1siZdlvAlsPxXl7WbOVUBBAowWug4rJHb68Ox8KualB+1ocNvT5fjv6wpkX6o/iEpbDrf68zcg=="
    },
    "@esbuild/android-x64@0.21.5": {
      "integrity": "sha512-D7aPRUUNHRBwHxzxRvp856rjUHRFW1SdQATKXH2hqA0kAZb1hKmi02OpYRacl0TxIGz/ZmXWlbZgjwWYaCakTA=="
    },
    "@esbuild/darwin-arm64@0.21.5": {
      "integrity": "sha512-DwqXqZyuk5AiWWf3UfLiRDJ5EDd49zg6O9wclZ7kUMv2WRFr4HKjXp/5t8JZ11QbQfUS6/cRCKGwYhtNAY88kQ=="
    },
    "@esbuild/darwin-x64@0.21.5": {
      "integrity": "sha512-se/JjF8NlmKVG4kNIuyWMV/22ZaerB+qaSi5MdrXtd6R08kvs2qCN4C09miupktDitvh8jRFflwGFBQcxZRjbw=="
    },
    "@esbuild/freebsd-arm64@0.21.5": {
      "integrity": "sha512-5JcRxxRDUJLX8JXp/wcBCy3pENnCgBR9bN6JsY4OmhfUtIHe3ZW0mawA7+RDAcMLrMIZaf03NlQiX9DGyB8h4g=="
    },
    "@esbuild/freebsd-x64@0.21.5": {
      "integrity": "sha512-J95kNBj1zkbMXtHVH29bBriQygMXqoVQOQYA+ISs0/2l3T9/kj42ow2mpqerRBxDJnmkUDCaQT/dfNXWX/ZZCQ=="
    },
    "@esbuild/linux-arm64@0.21.5": {
      "integrity": "sha512-ibKvmyYzKsBeX8d8I7MH/TMfWDXBF3db4qM6sy+7re0YXya+K1cem3on9XgdT2EQGMu4hQyZhan7TeQ8XkGp4Q=="
    },
    "@esbuild/linux-arm@0.21.5": {
      "integrity": "sha512-bPb5AHZtbeNGjCKVZ9UGqGwo8EUu4cLq68E95A53KlxAPRmUyYv2D6F0uUI65XisGOL1hBP5mTronbgo+0bFcA=="
    },
    "@esbuild/linux-ia32@0.21.5": {
      "integrity": "sha512-YvjXDqLRqPDl2dvRODYmmhz4rPeVKYvppfGYKSNGdyZkA01046pLWyRKKI3ax8fbJoK5QbxblURkwK/MWY18Tg=="
    },
    "@esbuild/linux-loong64@0.21.5": {
      "integrity": "sha512-uHf1BmMG8qEvzdrzAqg2SIG/02+4/DHB6a9Kbya0XDvwDEKCoC8ZRWI5JJvNdUjtciBGFQ5PuBlpEOXQj+JQSg=="
    },
    "@esbuild/linux-mips64el@0.21.5": {
      "integrity": "sha512-IajOmO+KJK23bj52dFSNCMsz1QP1DqM6cwLUv3W1QwyxkyIWecfafnI555fvSGqEKwjMXVLokcV5ygHW5b3Jbg=="
    },
    "@esbuild/linux-ppc64@0.21.5": {
      "integrity": "sha512-1hHV/Z4OEfMwpLO8rp7CvlhBDnjsC3CttJXIhBi+5Aj5r+MBvy4egg7wCbe//hSsT+RvDAG7s81tAvpL2XAE4w=="
    },
    "@esbuild/linux-riscv64@0.21.5": {
      "integrity": "sha512-2HdXDMd9GMgTGrPWnJzP2ALSokE/0O5HhTUvWIbD3YdjME8JwvSCnNGBnTThKGEB91OZhzrJ4qIIxk/SBmyDDA=="
    },
    "@esbuild/linux-s390x@0.21.5": {
      "integrity": "sha512-zus5sxzqBJD3eXxwvjN1yQkRepANgxE9lgOW2qLnmr8ikMTphkjgXu1HR01K4FJg8h1kEEDAqDcZQtbrRnB41A=="
    },
    "@esbuild/linux-x64@0.21.5": {
      "integrity": "sha512-1rYdTpyv03iycF1+BhzrzQJCdOuAOtaqHTWJZCWvijKD2N5Xu0TtVC8/+1faWqcP9iBCWOmjmhoH94dH82BxPQ=="
    },
    "@esbuild/netbsd-x64@0.21.5": {
      "integrity": "sha512-Woi2MXzXjMULccIwMnLciyZH4nCIMpWQAs049KEeMvOcNADVxo0UBIQPfSmxB3CWKedngg7sWZdLvLczpe0tLg=="
    },
    "@esbuild/openbsd-x64@0.21.5": {
      "integrity": "sha512-HLNNw99xsvx12lFBUwoT8EVCsSvRNDVxNpjZ7bPn947b8gJPzeHWyNVhFsaerc0n3TsbOINvRP2byTZ5LKezow=="
    },
    "@esbuild/sunos-x64@0.21.5": {
      "integrity": "sha512-6+gjmFpfy0BHU5Tpptkuh8+uw3mnrvgs+dSPQXQOv3ekbordwnzTVEb4qnIvQcYXq6gzkyTnoZ9dZG+D4garKg=="
    },
    "@esbuild/win32-arm64@0.21.5": {
      "integrity": "sha512-Z0gOTd75VvXqyq7nsl93zwahcTROgqvuAcYDUr+vOv8uHhNSKROyU961kgtCD1e95IqPKSQKH7tBTslnS3tA8A=="
    },
    "@esbuild/win32-ia32@0.21.5": {
      "integrity": "sha512-SWXFF1CL2RVNMaVs+BBClwtfZSvDgtL//G/smwAc5oVK/UPu2Gu9tIaRgFmYFFKrmg3SyAjSrElf0TiJ1v8fYA=="
    },
    "@esbuild/win32-x64@0.21.5": {
      "integrity": "sha512-tQd/1efJuzPC6rCFwEvLtci/xNFcTZknmXs98FYDfGE4wP9ClFV98nyKrzJKVPMhdDnjzLhdUyMX4PsQAPjwIw=="
    },
    "@icholy/duration@5.1.0": {
      "integrity": "sha512-I/zdjC6qYdwWJ2H1/PZbI3g58pPIiI/eOe5XDTtQ/v36d0ogcvAylqwOIWj/teY1rBnIMzUyWfX7PMm9I67WWg=="
    },
    "@jridgewell/gen-mapping@0.3.5": {
      "integrity": "sha512-IzL8ZoEDIBRWEzlCcRhOaCupYyN5gdIK+Q6fbFdPDg6HqX6jpkItn7DFIpW9LQzXG6Df9sA7+OKnq0qlz/GaQg==",
      "dependencies": [
        "@jridgewell/set-array",
        "@jridgewell/sourcemap-codec",
        "@jridgewell/trace-mapping"
      ]
    },
    "@jridgewell/resolve-uri@3.1.2": {
      "integrity": "sha512-bRISgCIjP20/tbWSPWMEi54QVPRZExkuD9lJL+UIxUKtwVJA8wW1Trb1jMs1RFXo1CBTNZ/5hpC9QvmKWdopKw=="
    },
    "@jridgewell/set-array@1.2.1": {
      "integrity": "sha512-R8gLRTZeyp03ymzP/6Lil/28tGeGEzhx1q2k703KGWRAI1VdvPIXdG70VJc2pAMw3NA6JKL5hhFu1sJX0Mnn/A=="
    },
    "@jridgewell/sourcemap-codec@1.5.0": {
      "integrity": "sha512-gv3ZRaISU3fjPAgNsriBRqGWQL6quFx04YMPW/zD8XMLsU32mhCCbfbO6KZFLjvYpCZ8zyDEgqsgf+PwPaM7GQ=="
    },
    "@jridgewell/trace-mapping@0.3.25": {
      "integrity": "sha512-vNk6aEwybGtawWmy/PzwnGDOjCkLWSD2wqvjGGAgOAwCGWySYXfYoxt00IJkTF+8Lb57DwOb3Aa0o9CApepiYQ==",
      "dependencies": [
        "@jridgewell/resolve-uri",
        "@jridgewell/sourcemap-codec"
      ]
    },
    "@rollup/rollup-android-arm-eabi@4.21.2": {
      "integrity": "sha512-fSuPrt0ZO8uXeS+xP3b+yYTCBUd05MoSp2N/MFOgjhhUhMmchXlpTQrTpI8T+YAwAQuK7MafsCOxW7VrPMrJcg=="
    },
    "@rollup/rollup-android-arm64@4.21.2": {
      "integrity": "sha512-xGU5ZQmPlsjQS6tzTTGwMsnKUtu0WVbl0hYpTPauvbRAnmIvpInhJtgjj3mcuJpEiuUw4v1s4BimkdfDWlh7gA=="
    },
    "@rollup/rollup-darwin-arm64@4.21.2": {
      "integrity": "sha512-99AhQ3/ZMxU7jw34Sq8brzXqWH/bMnf7ZVhvLk9QU2cOepbQSVTns6qoErJmSiAvU3InRqC2RRZ5ovh1KN0d0Q=="
    },
    "@rollup/rollup-darwin-x64@4.21.2": {
      "integrity": "sha512-ZbRaUvw2iN/y37x6dY50D8m2BnDbBjlnMPotDi/qITMJ4sIxNY33HArjikDyakhSv0+ybdUxhWxE6kTI4oX26w=="
    },
    "@rollup/rollup-linux-arm-gnueabihf@4.21.2": {
      "integrity": "sha512-ztRJJMiE8nnU1YFcdbd9BcH6bGWG1z+jP+IPW2oDUAPxPjo9dverIOyXz76m6IPA6udEL12reYeLojzW2cYL7w=="
    },
    "@rollup/rollup-linux-arm-musleabihf@4.21.2": {
      "integrity": "sha512-flOcGHDZajGKYpLV0JNc0VFH361M7rnV1ee+NTeC/BQQ1/0pllYcFmxpagltANYt8FYf9+kL6RSk80Ziwyhr7w=="
    },
    "@rollup/rollup-linux-arm64-gnu@4.21.2": {
      "integrity": "sha512-69CF19Kp3TdMopyteO/LJbWufOzqqXzkrv4L2sP8kfMaAQ6iwky7NoXTp7bD6/irKgknDKM0P9E/1l5XxVQAhw=="
    },
    "@rollup/rollup-linux-arm64-musl@4.21.2": {
      "integrity": "sha512-48pD/fJkTiHAZTnZwR0VzHrao70/4MlzJrq0ZsILjLW/Ab/1XlVUStYyGt7tdyIiVSlGZbnliqmult/QGA2O2w=="
    },
    "@rollup/rollup-linux-powerpc64le-gnu@4.21.2": {
      "integrity": "sha512-cZdyuInj0ofc7mAQpKcPR2a2iu4YM4FQfuUzCVA2u4HI95lCwzjoPtdWjdpDKyHxI0UO82bLDoOaLfpZ/wviyQ=="
    },
    "@rollup/rollup-linux-riscv64-gnu@4.21.2": {
      "integrity": "sha512-RL56JMT6NwQ0lXIQmMIWr1SW28z4E4pOhRRNqwWZeXpRlykRIlEpSWdsgNWJbYBEWD84eocjSGDu/XxbYeCmwg=="
    },
    "@rollup/rollup-linux-s390x-gnu@4.21.2": {
      "integrity": "sha512-PMxkrWS9z38bCr3rWvDFVGD6sFeZJw4iQlhrup7ReGmfn7Oukrr/zweLhYX6v2/8J6Cep9IEA/SmjXjCmSbrMQ=="
    },
    "@rollup/rollup-linux-x64-gnu@4.21.2": {
      "integrity": "sha512-B90tYAUoLhU22olrafY3JQCFLnT3NglazdwkHyxNDYF/zAxJt5fJUB/yBoWFoIQ7SQj+KLe3iL4BhOMa9fzgpw=="
    },
    "@rollup/rollup-linux-x64-musl@4.21.2": {
      "integrity": "sha512-7twFizNXudESmC9oneLGIUmoHiiLppz/Xs5uJQ4ShvE6234K0VB1/aJYU3f/4g7PhssLGKBVCC37uRkkOi8wjg=="
    },
    "@rollup/rollup-win32-arm64-msvc@4.21.2": {
      "integrity": "sha512-9rRero0E7qTeYf6+rFh3AErTNU1VCQg2mn7CQcI44vNUWM9Ze7MSRS/9RFuSsox+vstRt97+x3sOhEey024FRQ=="
    },
    "@rollup/rollup-win32-ia32-msvc@4.21.2": {
      "integrity": "sha512-5rA4vjlqgrpbFVVHX3qkrCo/fZTj1q0Xxpg+Z7yIo3J2AilW7t2+n6Q8Jrx+4MrYpAnjttTYF8rr7bP46BPzRw=="
    },
    "@rollup/rollup-win32-x64-msvc@4.21.2": {
      "integrity": "sha512-6UUxd0+SKomjdzuAcp+HAmxw1FlGBnl1v2yEPSabtx4lBfdXHDVsW7+lQkgz9cNFJGY3AWR7+V8P5BqkD9L9nA=="
    },
    "@solidjs/router@0.14.3_solid-js@1.8.22__seroval@1.1.1": {
      "integrity": "sha512-9p4k4zL2baK/1XRQALbFcaQ4IikjkWmxqYQtFqLzjONUejhL1uqJHtzxB4tZjmNqtRANVRnTDbJfzjvaD9k+pQ==",
      "dependencies": [
        "solid-js"
      ]
    },
    "@types/babel__core@7.20.5": {
      "integrity": "sha512-qoQprZvz5wQFJwMDqeseRXWv3rqMvhgpbXFfVyWhbx9X47POIA6i/+dXefEmZKoAgOaTdaIgNSMqMIU61yRyzA==",
      "dependencies": [
        "@babel/parser",
        "@babel/types",
        "@types/babel__generator",
        "@types/babel__template",
        "@types/babel__traverse"
      ]
    },
    "@types/babel__generator@7.6.8": {
      "integrity": "sha512-ASsj+tpEDsEiFr1arWrlN6V3mdfjRMZt6LtK/Vp/kreFLnr5QH5+DhvD5nINYZXzwJvXeGq+05iUXcAzVrqWtw==",
      "dependencies": [
        "@babel/types"
      ]
    },
    "@types/babel__template@7.4.4": {
      "integrity": "sha512-h/NUaSyG5EyxBIp8YRxo4RMe2/qQgvyowRwVMzhYhBCONbW8PUsg4lkFMrhgZhUe5z3L3MiLDuvyJ/CaPa2A8A==",
      "dependencies": [
        "@babel/parser",
        "@babel/types"
      ]
    },
    "@types/babel__traverse@7.20.6": {
      "integrity": "sha512-r1bzfrm0tomOI8g1SzvCaQHo6Lcv6zu0EA+W2kHrt8dyrHQxGzBBL4kdkzIS+jBMV+EYcMAEAqXqYaLJq5rOZg==",
      "dependencies": [
        "@babel/types"
      ]
    },
    "@types/estree@1.0.5": {
      "integrity": "sha512-/kYRxGDLWzHOB7q+wtSUQlFrtcdUccpfy+X+9iMBpHK8QLLhx2wIPYuS5DYtR9Wa/YlZAbIovy7qVdB1Aq6Lyw=="
    },
    "@types/node@18.16.19": {
      "integrity": "sha512-IXl7o+R9iti9eBW4Wg2hx1xQDig183jj7YLn8F7udNceyfkbn1ZxmzZXuak20gR40D7pIkIY1kYGx5VIGbaHKA=="
    },
    "@types/node@20.16.4": {
      "integrity": "sha512-ioyQ1zK9aGEomJ45zz8S8IdzElyxhvP1RVWnPrXDf6wFaUb+kk1tEcVVJkF7RPGM0VWI7cp5U57oCPIn5iN1qg==",
      "dependencies": [
        "undici-types"
      ]
    },
    "ansi-styles@3.2.1": {
      "integrity": "sha512-VT0ZI6kZRdTh8YyJw3SMbYm/u+NqfsAxEpWO0Pf9sq8/e94WxxOpPKx9FR1FlyCtOVDNOQ+8ntlqFxiRc+r5qA==",
      "dependencies": [
        "color-convert"
      ]
    },
    "anymatch@3.1.3": {
      "integrity": "sha512-KMReFUr0B4t+D+OBkjR3KYqvocp2XaSzO55UcB6mgQMd3KbcE+mWTyvVV7D/zsdEbNnV6acZUutkiHQXvTr1Rw==",
      "dependencies": [
        "normalize-path",
        "picomatch"
      ]
    },
    "babel-plugin-jsx-dom-expressions@0.38.5_@babel+core@7.25.2": {
      "integrity": "sha512-JfjHYKOKGwoiOYQ56Oo8gbZPb9wNMpPuEEUhSCjMpnuHM9K21HFIUBm83TZPB40Av4caCIW4Tfjzpkp/MtFpMw==",
      "dependencies": [
        "@babel/core",
        "@babel/helper-module-imports@7.18.6",
        "@babel/plugin-syntax-jsx",
        "@babel/types",
        "html-entities",
        "validate-html-nesting"
      ]
    },
    "babel-preset-solid@1.8.22_@babel+core@7.25.2": {
      "integrity": "sha512-nKwisb//lZsiRF2NErlRP64zVTJqa1OSZiDnSl0YbcTiCZoMt52CY2Pg+9fsYAPtjYMT7RHBmzU41pxK6hFOcg==",
      "dependencies": [
        "@babel/core",
        "babel-plugin-jsx-dom-expressions"
      ]
    },
    "balanced-match@1.0.2": {
      "integrity": "sha512-3oSeUO0TMV67hN1AmbXsK4yaqU7tjiHlbxRDZOpH0KW9+CeX4bRAaX0Anxt0tx2MrpRpWwQaPwIlISEJhYU5Pw=="
    },
    "binary-extensions@2.3.0": {
      "integrity": "sha512-Ceh+7ox5qe7LJuLHoY0feh3pHuUDHAcRUeyL2VYghZwfpkNIy/+8Ocg0a3UuSoYzavmylwuLWQOf3hl0jjMMIw=="
    },
    "brace-expansion@1.1.11": {
      "integrity": "sha512-iCuPHDFgrHX7H2vEI/5xpz07zSHB00TpugqhmYtVmMO6518mCuRMoOYFldEBl0g187ufozdaHgWKcYFb61qGiA==",
      "dependencies": [
        "balanced-match",
        "concat-map"
      ]
    },
    "braces@3.0.3": {
      "integrity": "sha512-yQbXgO/OSZVD2IsiLlro+7Hf6Q18EJrKSEsdoMzKePKXct3gvD8oLcOQdIzGupr5Fj+EDe8gO/lxc1BzfMpxvA==",
      "dependencies": [
        "fill-range"
      ]
    },
    "browserslist@4.23.3": {
      "integrity": "sha512-btwCFJVjI4YWDNfau8RhZ+B1Q/VLoUITrm3RlP6y1tYGWIOa+InuYiRGXUBXo8nA1qKmHMyLB/iVQg5TT4eFoA==",
      "dependencies": [
        "caniuse-lite",
        "electron-to-chromium",
        "node-releases",
        "update-browserslist-db"
      ]
    },
    "caniuse-lite@1.0.30001655": {
      "integrity": "sha512-jRGVy3iSGO5Uutn2owlb5gR6qsGngTw9ZTb4ali9f3glshcNmJ2noam4Mo9zia5P9Dk3jNNydy7vQjuE5dQmfg=="
    },
    "cbor-redux@1.0.0": {
      "integrity": "sha512-nqCD/Yu2FON0XgZYdUNsMx1Tc08MOY3noh9bO2MvkjlyLZyqIVWjuz6A0mDrPJncdOfacokFUtF7zlzzP5oK5A==",
      "dependencies": [
        "@deno/shim-deno"
      ]
    },
    "chalk@2.4.2": {
      "integrity": "sha512-Mti+f9lpJNcwF4tWV8/OrTTtF1gZi+f8FqlyAdouralcFWFQWF2+NgCHShjkCb+IFBLq9buZwE1xckQU4peSuQ==",
      "dependencies": [
        "ansi-styles",
        "escape-string-regexp",
        "supports-color"
      ]
    },
    "chokidar@3.6.0": {
      "integrity": "sha512-7VT13fmjotKpGipCW9JEQAusEPE+Ei8nl6/g4FBAmIm0GOOLMua9NDDo/DWp0ZAxCr3cPq5ZpBqmPAQgDda2Pw==",
      "dependencies": [
        "anymatch",
        "braces",
        "fsevents",
        "glob-parent",
        "is-binary-path",
        "is-glob",
        "normalize-path",
        "readdirp"
      ]
    },
    "color-convert@1.9.3": {
      "integrity": "sha512-QfAUtd+vFdAtFQcC8CCyYt1fYWxSqAiK2cSD6zDB8N3cpsEBAvRxp9zOGg6G/SHHJYAT88/az/IuDGALsNVbGg==",
      "dependencies": [
        "color-name"
      ]
    },
    "color-name@1.1.3": {
      "integrity": "sha512-72fSenhMw2HZMTVHeCA9KCmpEIbzWiQsjN+BHcBbS9vr1mtt+vJjPdksIBNUmKAW8TFUDPJK5SUU3QhE9NEXDw=="
    },
    "concat-map@0.0.1": {
      "integrity": "sha512-/Srv4dswyQNBfohGpz9o6Yb3Gz3SrUDqBH5rTuhGR7ahtlbYKnVxw2bCFMRljaA7EXHaXZ8wsHdodFvbkhKmqg=="
    },
    "convert-source-map@2.0.0": {
      "integrity": "sha512-Kvp459HrV2FEJ1CAsi1Ku+MY3kasH19TFykTz2xWmMeq6bk2NU3XXvfJ+Q61m0xktWwt+1HSYf3JZsTms3aRJg=="
    },
    "copy-anything@2.0.6": {
      "integrity": "sha512-1j20GZTsvKNkc4BY3NpMOM8tt///wY3FpIzozTOFO2ffuZcV61nojHXVKIy3WM+7ADCy5FVhdZYHYDdgTU0yJw==",
      "dependencies": [
        "is-what@3.14.1"
      ]
    },
    "csstype@3.1.3": {
      "integrity": "sha512-M1uQkMl8rQK/szD0LNhtqxIPLpimGm8sOBwU7lLnCpSbTyY3yeU1Vc7l4KT5zT4s/yOxHH5O7tIuuLOCnLADRw=="
    },
    "debug@4.3.6": {
      "integrity": "sha512-O/09Bd4Z1fBrU4VzkhFqVgpPzaGbw6Sm9FEkBT1A/YBXQFGuuSxa1dN2nxgxS34JmKXqYx8CZAwEVoJFImUXIg==",
      "dependencies": [
        "ms"
      ]
    },
    "decimal.js@10.4.3": {
      "integrity": "sha512-VBBaLc1MgL5XpzgIP7ny5Z6Nx3UrRkIViUkPUdtl9aya5amy3De1gsUUSB1g3+3sExYNjCAsAznmukyxCb1GRA=="
    },
    "dotenv@16.4.5": {
      "integrity": "sha512-ZmdL2rui+eB2YwhsWzjInR8LldtZHGDoQ1ugH85ppHKwpUHL7j7rN0Ti9NCnGiQbhaZ11FpR+7ao1dNsmduNUg=="
    },
    "drizzle-orm@0.31.4_@electric-sql+pglite@0.2.5_postgres@3.4.4": {
      "integrity": "sha512-VGD9SH9aStF2z4QOTnVlVX/WghV/EnuEzTmsH3fSVp2E4fFgc8jl3viQrS/XUJx1ekW4rVVLJMH42SfGQdjX3Q==",
      "dependencies": [
        "@electric-sql/pglite",
        "postgres"
      ]
    },
    "electron-to-chromium@1.5.13": {
      "integrity": "sha512-lbBcvtIJ4J6sS4tb5TLp1b4LyfCdMkwStzXPyAgVgTRAsep4bvrAGaBOP7ZJtQMNJpSQ9SqG4brWOroNaQtm7Q=="
    },
    "errno@0.1.8": {
      "integrity": "sha512-dJ6oBr5SQ1VSd9qkk7ByRgb/1SH4JZjCHSW/mr63/QcXO9zLVxvJ6Oy13nio03rxpSnVDDjFor75SjVeZWPW/A==",
      "dependencies": [
        "prr"
      ]
    },
    "esbuild-android-arm64@0.13.15": {
      "integrity": "sha512-m602nft/XXeO8YQPUDVoHfjyRVPdPgjyyXOxZ44MK/agewFFkPa8tUo6lAzSWh5Ui5PB4KR9UIFTSBKh/RrCmg=="
    },
    "esbuild-darwin-64@0.13.15": {
      "integrity": "sha512-ihOQRGs2yyp7t5bArCwnvn2Atr6X4axqPpEdCFPVp7iUj4cVSdisgvEKdNR7yH3JDjW6aQDw40iQFoTqejqxvQ=="
    },
    "esbuild-darwin-arm64@0.13.15": {
      "integrity": "sha512-i1FZssTVxUqNlJ6cBTj5YQj4imWy3m49RZRnHhLpefFIh0To05ow9DTrXROTE1urGTQCloFUXTX8QfGJy1P8dQ=="
    },
    "esbuild-freebsd-64@0.13.15": {
      "integrity": "sha512-G3dLBXUI6lC6Z09/x+WtXBXbOYQZ0E8TDBqvn7aMaOCzryJs8LyVXKY4CPnHFXZAbSwkCbqiPuSQ1+HhrNk7EA=="
    },
    "esbuild-freebsd-arm64@0.13.15": {
      "integrity": "sha512-KJx0fzEDf1uhNOZQStV4ujg30WlnwqUASaGSFPhznLM/bbheu9HhqZ6mJJZM32lkyfGJikw0jg7v3S0oAvtvQQ=="
    },
    "esbuild-linux-32@0.13.15": {
      "integrity": "sha512-ZvTBPk0YWCLMCXiFmD5EUtB30zIPvC5Itxz0mdTu/xZBbbHJftQgLWY49wEPSn2T/TxahYCRDWun5smRa0Tu+g=="
    },
    "esbuild-linux-64@0.13.15": {
      "integrity": "sha512-eCKzkNSLywNeQTRBxJRQ0jxRCl2YWdMB3+PkWFo2BBQYC5mISLIVIjThNtn6HUNqua1pnvgP5xX0nHbZbPj5oA=="
    },
    "esbuild-linux-arm64@0.13.15": {
      "integrity": "sha512-bYpuUlN6qYU9slzr/ltyLTR9YTBS7qUDymO8SV7kjeNext61OdmqFAzuVZom+OLW1HPHseBfJ/JfdSlx8oTUoA=="
    },
    "esbuild-linux-arm@0.13.15": {
      "integrity": "sha512-wUHttDi/ol0tD8ZgUMDH8Ef7IbDX+/UsWJOXaAyTdkT7Yy9ZBqPg8bgB/Dn3CZ9SBpNieozrPRHm0BGww7W/jA=="
    },
    "esbuild-linux-mips64le@0.13.15": {
      "integrity": "sha512-KlVjIG828uFPyJkO/8gKwy9RbXhCEUeFsCGOJBepUlpa7G8/SeZgncUEz/tOOUJTcWMTmFMtdd3GElGyAtbSWg=="
    },
    "esbuild-linux-ppc64le@0.13.15": {
      "integrity": "sha512-h6gYF+OsaqEuBjeesTBtUPw0bmiDu7eAeuc2OEH9S6mV9/jPhPdhOWzdeshb0BskRZxPhxPOjqZ+/OqLcxQwEQ=="
    },
    "esbuild-netbsd-64@0.13.15": {
      "integrity": "sha512-3+yE9emwoevLMyvu+iR3rsa+Xwhie7ZEHMGDQ6dkqP/ndFzRHkobHUKTe+NCApSqG5ce2z4rFu+NX/UHnxlh3w=="
    },
    "esbuild-openbsd-64@0.13.15": {
      "integrity": "sha512-wTfvtwYJYAFL1fSs8yHIdf5GEE4NkbtbXtjLWjM3Cw8mmQKqsg8kTiqJ9NJQe5NX/5Qlo7Xd9r1yKMMkHllp5g=="
    },
    "esbuild-sunos-64@0.13.15": {
      "integrity": "sha512-lbivT9Bx3t1iWWrSnGyBP9ODriEvWDRiweAs69vI+miJoeKwHWOComSRukttbuzjZ8r1q0mQJ8Z7yUsDJ3hKdw=="
    },
    "esbuild-windows-32@0.13.15": {
      "integrity": "sha512-fDMEf2g3SsJ599MBr50cY5ve5lP1wyVwTe6aLJsM01KtxyKkB4UT+fc5MXQFn3RLrAIAZOG+tHC+yXObpSn7Nw=="
    },
    "esbuild-windows-64@0.13.15": {
      "integrity": "sha512-9aMsPRGDWCd3bGjUIKG/ZOJPKsiztlxl/Q3C1XDswO6eNX/Jtwu4M+jb6YDH9hRSUflQWX0XKAfWzgy5Wk54JQ=="
    },
    "esbuild-windows-arm64@0.13.15": {
      "integrity": "sha512-zzvyCVVpbwQQATaf3IG8mu1IwGEiDxKkYUdA4FpoCHi1KtPa13jeScYDjlW0Qh+ebWzpKfR2ZwvqAQkSWNcKjA=="
    },
    "esbuild@0.13.15": {
      "integrity": "sha512-raCxt02HBKv8RJxE8vkTSCXGIyKHdEdGfUmiYb8wnabnaEmHzyW7DCHb5tEN0xU8ryqg5xw54mcwnYkC4x3AIw==",
      "dependencies": [
        "esbuild-android-arm64",
        "esbuild-darwin-64",
        "esbuild-darwin-arm64",
        "esbuild-freebsd-64",
        "esbuild-freebsd-arm64",
        "esbuild-linux-32",
        "esbuild-linux-64",
        "esbuild-linux-arm",
        "esbuild-linux-arm64",
        "esbuild-linux-mips64le",
        "esbuild-linux-ppc64le",
        "esbuild-netbsd-64",
        "esbuild-openbsd-64",
        "esbuild-sunos-64",
        "esbuild-windows-32",
        "esbuild-windows-64",
        "esbuild-windows-arm64"
      ]
    },
    "esbuild@0.21.5": {
      "integrity": "sha512-mg3OPMV4hXywwpoDxu3Qda5xCKQi+vCTZq8S9J/EpkhB2HzKXq4SNFZE3+NK93JYxc8VMSep+lOUSC/RVKaBqw==",
      "dependencies": [
        "@esbuild/aix-ppc64",
        "@esbuild/android-arm",
        "@esbuild/android-arm64",
        "@esbuild/android-x64",
        "@esbuild/darwin-arm64",
        "@esbuild/darwin-x64",
        "@esbuild/freebsd-arm64",
        "@esbuild/freebsd-x64",
        "@esbuild/linux-arm",
        "@esbuild/linux-arm64",
        "@esbuild/linux-ia32",
        "@esbuild/linux-loong64",
        "@esbuild/linux-mips64el",
        "@esbuild/linux-ppc64",
        "@esbuild/linux-riscv64",
        "@esbuild/linux-s390x",
        "@esbuild/linux-x64",
        "@esbuild/netbsd-x64",
        "@esbuild/openbsd-x64",
        "@esbuild/sunos-x64",
        "@esbuild/win32-arm64",
        "@esbuild/win32-ia32",
        "@esbuild/win32-x64"
      ]
    },
    "escalade@3.2.0": {
      "integrity": "sha512-WUj2qlxaQtO4g6Pq5c29GTcWGDyd8itL8zTlipgECz3JesAiiOKotd8JU6otB3PACgG6xkJUyVhboMS+bje/jA=="
    },
    "escape-string-regexp@1.0.5": {
      "integrity": "sha512-vbRorB5FUQWvla16U8R/qgaFIya2qGzwDrNmCZuYKrbdSUMG6I1ZCGQRefkRVhuOkIGVne7BQ35DSfo1qvJqFg=="
    },
    "fill-range@7.1.1": {
      "integrity": "sha512-YsGpe3WHLK8ZYi4tWDg2Jy3ebRz2rXowDxnld4bkQB00cc/1Zw9AWnC0i9ztDJitivtQvaI9KaLyKrc+hBW0yg==",
      "dependencies": [
        "to-regex-range"
      ]
    },
    "fs.realpath@1.0.0": {
      "integrity": "sha512-OO0pH2lK6a0hZnAdau5ItzHPI6pUlvI7jMVnxUQRtw4owF2wk8lOSabtGDCTP4Ggrg2MbGnWO9X8K1t4+fGMDw=="
    },
    "fsevents@2.3.3": {
      "integrity": "sha512-5xoDfX+fL7faATnagmWPpbFtwh/R77WmMMqqHGS65C3vvB0YHrgF+B1YmZ3441tMj5n63k0212XNoJwzlhffQw=="
    },
    "function-bind@1.1.2": {
      "integrity": "sha512-7XHNxH7qX9xG5mIwxkhumTox/MIRNcOgDrxWsMt2pAr23WHp6MrRlN7FBSFpCpr+oVO0F744iUgR82nJMfG2SA=="
    },
    "gensync@1.0.0-beta.2": {
      "integrity": "sha512-3hN7NaskYvMDLQY55gnW3NQ+mesEAepTqlg+VEbj7zzqEMBVNhzcGYYeqFo/TlYz6eQiFcp1HcsCZO+nGgS8zg=="
    },
    "glob-parent@5.1.2": {
      "integrity": "sha512-AOIgSQCepiJYwP3ARnGx+5VnTu2HBYdzbGP45eLw1vr3zB3vZLeyed1sC9hnbcOc9/SrMyM5RPQrkGz4aS9Zow==",
      "dependencies": [
        "is-glob"
      ]
    },
    "glob@7.2.3": {
      "integrity": "sha512-nFR0zLpU2YCaRxwoCJvL6UvCH2JFyFVIvwTLsIf21AuHlMskA1hhTdk+LlYJtOlYt9v6dvszD2BGRqBL+iQK9Q==",
      "dependencies": [
        "fs.realpath",
        "inflight",
        "inherits",
        "minimatch",
        "once",
        "path-is-absolute"
      ]
    },
    "globals@11.12.0": {
      "integrity": "sha512-WOBp/EEGUiIsJSp7wcv/y6MO+lV9UoncWqxuFfm8eBwzWNgyfBd6Gz+IeKQ9jCmyhoH99g15M3T+QaVHFjizVA=="
    },
    "globrex@0.1.2": {
      "integrity": "sha512-uHJgbwAMwNFf5mLst7IWLNg14x1CkeqglJb/K3doi4dw6q2IvAAmM/Y81kevy83wP+Sst+nutFTYOGg3d1lsxg=="
    },
    "graceful-fs@4.2.11": {
      "integrity": "sha512-RbJ5/jmFcNNCcDV5o9eTnBLJ/HszWV0P73bc+Ff4nS/rJj+YaS6IGyiOL0VoBYX+l1Wrl3k63h/KrH+nhJ0XvQ=="
    },
    "has-flag@3.0.0": {
      "integrity": "sha512-sKJf1+ceQBr4SMkvQnBDNDtf4TXpVhVGateu0t918bl30FnbE2m4vNLX+VWe/dpjlb+HugGYzW7uQXH98HPEYw=="
    },
    "hasown@2.0.2": {
      "integrity": "sha512-0hJU9SCPvmMzIBdZFqNPXWa6dqh7WdH0cII9y+CyS8rG3nL48Bclra9HmKhVVUHyPWNH5Y7xDwAB7bfgSjkUMQ==",
      "dependencies": [
        "function-bind"
      ]
    },
    "html-entities@2.3.3": {
      "integrity": "sha512-DV5Ln36z34NNTDgnz0EWGBLZENelNAtkiFA4kyNOG2tDI6Mz1uSWiq1wAKdyjnJwyDiDO7Fa2SO1CTxPXL8VxA=="
    },
    "iconv-lite@0.6.3": {
      "integrity": "sha512-4fCk79wshMdzMp2rH06qWrJE4iolqLhCUH+OiuIgU++RB0+94NlDL81atO7GX55uUKueo0txHNtvEyI6D7WdMw==",
      "dependencies": [
        "safer-buffer"
      ]
    },
    "image-size@0.5.5": {
      "integrity": "sha512-6TDAlDPZxUFCv+fuOkIoXT/V/f3Qbq8e37p+YOiYrUv3v9cc3/6x78VdfPgFVaB9dZYeLUfKgHRebpkm/oP2VQ=="
    },
    "immutable@4.3.7": {
      "integrity": "sha512-1hqclzwYwjRDFLjcFxOM5AYkkG0rpFPpr1RLPMEuGczoS7YA8gLhy8SWXYRAA/XwfEHpfo3cw5JGioS32fnMRw=="
    },
    "inflight@1.0.6": {
      "integrity": "sha512-k92I/b08q4wvFscXCLvqfsHCrjrF7yiXsQuIVvVE7N82W3+aqpzuUdBbfhWcy/FZR3/4IgflMgKLOsvPDrGCJA==",
      "dependencies": [
        "once",
        "wrappy"
      ]
    },
    "inherits@2.0.4": {
      "integrity": "sha512-k/vGaX4/Yla3WzyMCvTQOXYeIHvqOKtnqBduzTHpzpQZzAskKMhZ2K+EnBiSM9zGSoIFeMpXKxa4dYeZIQqewQ=="
    },
    "is-binary-path@2.1.0": {
      "integrity": "sha512-ZMERYes6pDydyuGidse7OsHxtbI7WVeUEozgR/g7rd0xUimYNlvZRE/K2MgZTjWy725IfelLeVcEM97mmtRGXw==",
      "dependencies": [
        "binary-extensions"
      ]
    },
    "is-core-module@2.15.1": {
      "integrity": "sha512-z0vtXSwucUJtANQWldhbtbt7BnL0vxiFjIdDLAatwhDYty2bad6s+rijD6Ri4YuYJubLzIJLUidCh09e1djEVQ==",
      "dependencies": [
        "hasown"
      ]
    },
    "is-extglob@2.1.1": {
      "integrity": "sha512-SbKbANkN603Vi4jEZv49LeVJMn4yGwsbzZworEoyEiutsN3nJYdbO36zfhGJ6QEDpOZIFkDtnq5JRxmvl3jsoQ=="
    },
    "is-glob@4.0.3": {
      "integrity": "sha512-xelSayHH36ZgE7ZWhli7pW34hNbNl8Ojv5KVmkJD4hBdD3th8Tfk9vYasLM+mXWOZhFkgZfxhLSnrwRr4elSSg==",
      "dependencies": [
        "is-extglob"
      ]
    },
    "is-number@7.0.0": {
      "integrity": "sha512-41Cifkg6e8TylSpdtTpeLVMqvSBEVzTttHvERD741+pnZ8ANv0004MRL43QKPDlK9cGvNp6NZWZUBlbGXYxxng=="
    },
    "is-what@3.14.1": {
      "integrity": "sha512-sNxgpk9793nzSs7bA6JQJGeIuRBQhAaNGG77kzYQgMkrID+lS6SlK07K5LaptscDlSaIgH+GPFzf+d75FVxozA=="
    },
    "is-what@4.1.16": {
      "integrity": "sha512-ZhMwEosbFJkA0YhFnNDgTM4ZxDRsS6HqTo7qsZM08fehyRYIYa0yHu5R6mgo1n/8MgaPBXiPimPD77baVFYg+A=="
    },
    "isexe@2.0.0": {
      "integrity": "sha512-RHxMLp9lnKHGHRng9QFhRCMbYAcVpn69smSGcq3f36xjgVVWThj4qqLbTLlq7Ssj8B+fIQ1EuCEGI2lKsyQeIw=="
    },
    "js-tokens@4.0.0": {
      "integrity": "sha512-RdJUflcE3cUzKiMqQgsCu06FPu9UdIJO0beYbPhHN4k6apgJtifcoCtT9bcxOpYBtpD2kCM6Sbzg4CausW/PKQ=="
    },
    "jsesc@2.5.2": {
      "integrity": "sha512-OYu7XEzjkCQ3C5Ps3QIZsQfNpqoJyZZA99wd9aWd05NCtC5pWOkShK2mkL6HXQR6/Cy2lbNdPlZBpuQHXE63gA=="
    },
    "json5@2.2.3": {
      "integrity": "sha512-XmOWe7eyHYH14cLdVPoyg+GOH3rYX++KpzrylJwSW98t3Nk+U8XOl8FWKOgwtzdb8lXGf6zYwDUzeHMWfxasyg=="
    },
    "less@4.2.0": {
      "integrity": "sha512-P3b3HJDBtSzsXUl0im2L7gTO5Ubg8mEN6G8qoTS77iXxXX4Hvu4Qj540PZDvQ8V6DmX6iXo98k7Md0Cm1PrLaA==",
      "dependencies": [
        "copy-anything",
        "errno",
        "graceful-fs",
        "image-size",
        "make-dir",
        "mime",
        "needle",
        "parse-node-version",
        "source-map@0.6.1",
        "tslib"
      ]
    },
    "lru-cache@5.1.1": {
      "integrity": "sha512-KpNARQA3Iwv+jTA0utUVVbrh+Jlrr1Fv0e56GGzAFOXN7dk/FviaDW8LHmK52DlcH4WP2n6gI8vN1aesBFgo9w==",
      "dependencies": [
        "yallist"
      ]
    },
    "make-dir@2.1.0": {
      "integrity": "sha512-LS9X+dc8KLxXCb8dni79fLIIUA5VyZoyjSMCwTluaXA0o27cCK0bhXkpgw+sTXVpPy/lSO57ilRixqk0vDmtRA==",
      "dependencies": [
        "pify",
        "semver@5.7.2"
      ]
    },
    "merge-anything@5.1.7": {
      "integrity": "sha512-eRtbOb1N5iyH0tkQDAoQ4Ipsp/5qSR79Dzrz8hEPxRX10RWWR/iQXdoKmBSRCThY1Fh5EhISDtpSc93fpxUniQ==",
      "dependencies": [
        "is-what@4.1.16"
      ]
    },
    "mime@1.6.0": {
      "integrity": "sha512-x0Vn8spI+wuJ1O6S7gnbaQg8Pxh4NNHb7KSINmEWKiPE4RKOplvijn+NkmYmmRgP68mc70j2EbeTFRsrswaQeg=="
    },
    "minimatch@3.1.2": {
      "integrity": "sha512-J7p63hRiAjw1NDEww1W7i37+ByIrOWO5XQQAzZ3VOcL0PNybwpfmV/N05zFAzwQ9USyEcX6t3UO+K5aqBQOIHw==",
      "dependencies": [
        "brace-expansion"
      ]
    },
    "ms@2.1.2": {
      "integrity": "sha512-sGkPx+VjMtmA6MX27oA4FBFELFCZZ4S4XqeGOXCv68tT+jb3vk/RyaKWP0PTKyWtmLSM0b+adUTEvbs1PEaH2w=="
    },
    "nanoid@3.3.7": {
      "integrity": "sha512-eSRppjcPIatRIMC1U6UngP8XFcz8MQWGQdt1MTBQ7NaAmvXDfvNxbvWV3x2y6CdEUciCSsDHDQZbhYaB8QEo2g=="
    },
    "needle@3.3.1": {
      "integrity": "sha512-6k0YULvhpw+RoLNiQCRKOl09Rv1dPLr8hHnVjHqdolKwDrdNyk+Hmrthi4lIGPPz3r39dLx0hsF5s40sZ3Us4Q==",
      "dependencies": [
        "iconv-lite",
        "sax"
      ]
    },
    "node-releases@2.0.18": {
      "integrity": "sha512-d9VeXT4SJ7ZeOqGX6R5EM022wpL+eWPooLI+5UpWn2jCT1aosUQEhQP214x33Wkwx3JQMvIm+tIoVOdodFS40g=="
    },
    "normalize-path@3.0.0": {
      "integrity": "sha512-6eZs5Ls3WtCisHWp9S2GUy8dqkpGi4BVSz3GaqiE6ezub0512ESztXUwUB6C6IKbQkY2Pnb/mD4WYojCRwcwLA=="
    },
    "once@1.4.0": {
      "integrity": "sha512-lNaJgI+2Q5URQBkccEKHTQOPaXdUxnZZElQTZY0MFUAuaEqe1E+Nyvgdz/aIyNi6Z9MzO5dv1H8n58/GELp3+w==",
      "dependencies": [
        "wrappy"
      ]
    },
    "parse-node-version@1.0.1": {
      "integrity": "sha512-3YHlOa/JgH6Mnpr05jP9eDG254US9ek25LyIxZlDItp2iJtwyaXQb57lBYLdT3MowkUFYEV2XXNAYIPlESvJlA=="
    },
    "path-is-absolute@1.0.1": {
      "integrity": "sha512-AVbw3UJ2e9bq64vSaS9Am0fje1Pa8pbGqTTsmXfaIiMpnr5DlDhfJOuLj9Sf95ZPVDAUerDfEk88MPmPe7UCQg=="
    },
    "path-parse@1.0.7": {
      "integrity": "sha512-LDJzPVEEEPR+y48z93A0Ed0yXb8pAByGWo/k5YYdYgpY2/2EsOsksJrq7lOHxryrVOn1ejG6oAp8ahvOIQD8sw=="
    },
    "picocolors@1.1.0": {
      "integrity": "sha512-TQ92mBOW0l3LeMeyLV6mzy/kWr8lkd/hp3mTg7wYK7zJhuBStmGMBG0BdeDZS/dZx1IukaX6Bk11zcln25o1Aw=="
    },
    "picomatch@2.3.1": {
      "integrity": "sha512-JU3teHTNjmE2VCGFzuY8EXzCDVwEqB2a8fsIvwaStHhAWJEeVd1o1QD80CU6+ZdEXXSLbSsuLwJjkCBWqRQUVA=="
    },
    "pify@4.0.1": {
      "integrity": "sha512-uB80kBFb/tfd68bVleG9T5GGsGPjJrLAUpR5PZIrhBnIaRTQRjqdJSsIKkOP6OAIFbj7GOrcudc5pNjZ+geV2g=="
    },
    "postcss@8.4.45": {
      "integrity": "sha512-7KTLTdzdZZYscUc65XmjFiB73vBhBfbPztCYdUNvlaso9PrzjzcmjqBPR0lNGkcVlcO4BjiO5rK/qNz+XAen1Q==",
      "dependencies": [
        "nanoid",
        "picocolors",
        "source-map-js"
      ]
    },
    "postgres@3.4.4": {
      "integrity": "sha512-IbyN+9KslkqcXa8AO9fxpk97PA4pzewvpi2B3Dwy9u4zpV32QicaEdgmF3eSQUzdRk7ttDHQejNgAEr4XoeH4A=="
    },
    "prr@1.0.1": {
      "integrity": "sha512-yPw4Sng1gWghHQWj0B3ZggWUm4qVbPwPFcRG8KyxiU7J2OHFSoEHKS+EZ3fv5l1t9CyCiop6l/ZYeWbrgoQejw=="
    },
    "readdirp@3.6.0": {
      "integrity": "sha512-hOS089on8RduqdbhvQ5Z37A0ESjsqz6qnRcffsMU3495FuTdqSm+7bhJ29JvIOsBDEEnan5DPu9t3To9VRlMzA==",
      "dependencies": [
        "picomatch"
      ]
    },
    "resolve@1.22.8": {
      "integrity": "sha512-oKWePCxqpd6FlLvGV1VU0x7bkPmmCNolxzjMf4NczoDnQcIWrAF+cPtZn5i6n+RfD2d9i0tzpKnG6Yk168yIyw==",
      "dependencies": [
        "is-core-module",
        "path-parse",
        "supports-preserve-symlinks-flag"
      ]
    },
    "rollup@2.79.1": {
      "integrity": "sha512-uKxbd0IhMZOhjAiD5oAFp7BqvkA4Dv47qpOCtaNvng4HBwdbWtdOh8f5nZNuk2rp51PMGk3bzfWu5oayNEuYnw==",
      "dependencies": [
        "fsevents"
      ]
    },
    "rollup@4.21.2": {
      "integrity": "sha512-e3TapAgYf9xjdLvKQCkQTnbTKd4a6jwlpQSJJFokHGaX2IVjoEqkIIhiQfqsi0cdwlOD+tQGuOd5AJkc5RngBw==",
      "dependencies": [
        "@rollup/rollup-android-arm-eabi",
        "@rollup/rollup-android-arm64",
        "@rollup/rollup-darwin-arm64",
        "@rollup/rollup-darwin-x64",
        "@rollup/rollup-linux-arm-gnueabihf",
        "@rollup/rollup-linux-arm-musleabihf",
        "@rollup/rollup-linux-arm64-gnu",
        "@rollup/rollup-linux-arm64-musl",
        "@rollup/rollup-linux-powerpc64le-gnu",
        "@rollup/rollup-linux-riscv64-gnu",
        "@rollup/rollup-linux-s390x-gnu",
        "@rollup/rollup-linux-x64-gnu",
        "@rollup/rollup-linux-x64-musl",
        "@rollup/rollup-win32-arm64-msvc",
        "@rollup/rollup-win32-ia32-msvc",
        "@rollup/rollup-win32-x64-msvc",
        "@types/estree",
        "fsevents"
      ]
    },
    "safer-buffer@2.1.2": {
      "integrity": "sha512-YZo3K82SD7Riyi0E1EQPojLz7kpepnSQI9IyPbHHg1XXXevb5dJI7tpyN2ADxGcQbHG7vcyRHk0cbwqcQriUtg=="
    },
    "sass@1.78.0": {
      "integrity": "sha512-AaIqGSrjo5lA2Yg7RvFZrlXDBCp3nV4XP73GrLGvdRWWwk+8H3l0SDvq/5bA4eF+0RFPLuWUk3E+P1U/YqnpsQ==",
      "dependencies": [
        "chokidar",
        "immutable",
        "source-map-js"
      ]
    },
    "sax@1.3.0": {
      "integrity": "sha512-0s+oAmw9zLl1V1cS9BtZN7JAd0cW5e0QH4W3LWEK6a4LaLEA2OTpGYWDY+6XasBLtz6wkm3u1xRw95mRuJ59WA=="
    },
    "semver@5.7.2": {
      "integrity": "sha512-cBznnQ9KjJqU67B52RMC65CMarK2600WFnbkcaiwWq3xy/5haFJlshgnpjovMVJ+Hff49d8GEn0b87C5pDQ10g=="
    },
    "semver@6.3.1": {
      "integrity": "sha512-BR7VvDCVHO+q2xBEWskxS6DJE1qRnb7DxzUrogb71CWoSficBxYsiAGd+Kl0mmq/MprG9yArRkyrQxTO6XjMzA=="
    },
    "seroval-plugins@1.1.1_seroval@1.1.1": {
      "integrity": "sha512-qNSy1+nUj7hsCOon7AO4wdAIo9P0jrzAMp18XhiOzA6/uO5TKtP7ScozVJ8T293oRIvi5wyCHSM4TrJo/c/GJA==",
      "dependencies": [
        "seroval"
      ]
    },
    "seroval@1.1.1": {
      "integrity": "sha512-rqEO6FZk8mv7Hyv4UCj3FD3b6Waqft605TLfsCe/BiaylRpyyMC0b+uA5TJKawX3KzMrdi3wsLbCaLplrQmBvQ=="
    },
    "solid-js@1.8.22_seroval@1.1.1": {
      "integrity": "sha512-VBzN5j+9Y4rqIKEnK301aBk+S7fvFSTs9ljg+YEdFxjNjH0hkjXPiQRcws9tE5fUzMznSS6KToL5hwMfHDgpLA==",
      "dependencies": [
        "csstype",
        "seroval",
        "seroval-plugins"
      ]
    },
    "solid-refresh@0.6.3_solid-js@1.8.22__seroval@1.1.1": {
      "integrity": "sha512-F3aPsX6hVw9ttm5LYlth8Q15x6MlI/J3Dn+o3EQyRTtTxidepSTwAYdozt01/YA+7ObcciagGEyXIopGZzQtbA==",
      "dependencies": [
        "@babel/generator",
        "@babel/helper-module-imports@7.24.7",
        "@babel/types",
        "solid-js"
      ]
    },
    "source-map-js@1.2.0": {
      "integrity": "sha512-itJW8lvSA0TXEphiRoawsCksnlf8SyvmFzIhltqAHluXd88pkCd+cXJVHTDwdCr0IzwptSm035IHQktUu1QUMg=="
    },
    "source-map@0.6.1": {
      "integrity": "sha512-UjgapumWlbMhkBgzT7Ykc5YXUT46F0iKu8SGXq0bcwP5dz/h0Plj6enJqjz1Zbq2l5WaqYnrVbwWOWMyF3F47g=="
    },
    "source-map@0.7.4": {
      "integrity": "sha512-l3BikUxvPOcn5E74dZiq5BGsTb5yEwhaTSzccU6t4sDOH8NWJCstKO5QT2CvtFoK6F0saL7p9xHAqHOlCPJygA=="
    },
    "stylus@0.63.0": {
      "integrity": "sha512-OMlgrTCPzE/ibtRMoeLVhOY0RcNuNWh0rhAVqeKnk/QwcuUKQbnqhZ1kg2vzD8VU/6h3FoPTq4RJPHgLBvX6Bw==",
      "dependencies": [
        "@adobe/css-tools",
        "debug",
        "glob",
        "sax",
        "source-map@0.7.4"
      ]
    },
    "supports-color@5.5.0": {
      "integrity": "sha512-QjVjwdXIt408MIiAqCX4oUKsgU2EqAGzs2Ppkm4aQYbjm+ZEWEcW4SfFNTr4uMNZma0ey4f5lgLrkB0aX0QMow==",
      "dependencies": [
        "has-flag"
      ]
    },
    "supports-preserve-symlinks-flag@1.0.0": {
      "integrity": "sha512-ot0WnXS9fgdkgIcePe6RHNk1WA8+muPa6cSjeR3V8K27q9BB1rTE3R1p7Hv0z1ZyAc8s6Vvv8DIyWf681MAt0w=="
    },
    "to-fast-properties@2.0.0": {
      "integrity": "sha512-/OaKK0xYrs3DmxRYqL/yDc+FxFUVYhDlXMhRmv3z915w2HF1tnN1omB354j8VUGO/hbRzyD6Y3sA7v7GS/ceog=="
    },
    "to-regex-range@5.0.1": {
      "integrity": "sha512-65P7iz6X5yEr1cwcgvQxbbIw7Uk3gOy5dIdtZ4rDveLqhrdJP+Li/Hx6tyK0NEb+2GCyneCMJiGqrADCSNk8sQ==",
      "dependencies": [
        "is-number"
      ]
    },
    "tsconfck@3.1.3": {
      "integrity": "sha512-ulNZP1SVpRDesxeMLON/LtWM8HIgAJEIVpVVhBM6gsmvQ8+Rh+ZG7FWGvHh7Ah3pRABwVJWklWCr/BTZSv0xnQ=="
    },
    "tslib@2.7.0": {
      "integrity": "sha512-gLXCKdN1/j47AiHiOkJN69hJmcbGTHI0ImLmbYLHykhgeN0jVGola9yVjFgzCUklsZQMW55o+dW7IXv3RCXDzA=="
    },
    "undici-types@6.19.8": {
      "integrity": "sha512-ve2KP6f/JnbPBFyobGHuerC9g1FYGn/F8n1LWTwNxCEzd6IfqTwUQcNXgEtmmQ6DlRrC1hrSrBnCZPokRrDHjw=="
    },
    "update-browserslist-db@1.1.0_browserslist@4.23.3": {
      "integrity": "sha512-EdRAaAyk2cUE1wOf2DkEhzxqOQvFOoRJFNS6NeyJ01Gp2beMRpBAINjM2iDXE3KCuKhwnvHIQCJm6ThL2Z+HzQ==",
      "dependencies": [
        "browserslist",
        "escalade",
        "picocolors"
      ]
    },
    "uuidv7@0.6.3": {
      "integrity": "sha512-zV3eW2NlXTsun/aJ7AixxZjH/byQcH/r3J99MI0dDEkU2cJIBJxhEWUHDTpOaLPRNhebPZoeHuykYREkI9HafA=="
    },
    "validate-html-nesting@1.2.2": {
      "integrity": "sha512-hGdgQozCsQJMyfK5urgFcWEqsSSrK63Awe0t/IMR0bZ0QMtnuaiHzThW81guu3qx9abLi99NEuiaN6P9gVYsNg=="
    },
    "vite-plugin-import-maps@0.1.2_vite@2.6.14__less@4.2.0__sass@1.78.0__stylus@0.63.0_less@4.2.0_sass@1.78.0_stylus@0.63.0": {
      "integrity": "sha512-FEUMPFrPzXYWNCLYRk8p0GMygsZJ2s9pr6Wrql6qOletelNgmrznui/8GnAebNt9H5dh+BgLRc1+X03SlPwfgg==",
      "dependencies": [
        "less",
        "sass",
        "stylus",
        "vite@2.6.14_less@4.2.0_sass@1.78.0_stylus@0.63.0"
      ]
    },
    "vite-plugin-solid@2.10.2_solid-js@1.8.22__seroval@1.1.1_vite@5.4.3__@types+node@20.16.4_@babel+core@7.25.2_@types+node@20.16.4": {
      "integrity": "sha512-AOEtwMe2baBSXMXdo+BUwECC8IFHcKS6WQV/1NEd+Q7vHPap5fmIhLcAzr+DUJ04/KHx/1UBU0l1/GWP+rMAPQ==",
      "dependencies": [
        "@babel/core",
        "@types/babel__core",
        "babel-preset-solid",
        "merge-anything",
        "solid-js",
        "solid-refresh",
        "vite@5.4.3_@types+node@20.16.4",
        "vitefu"
      ]
    },
    "vite-tsconfig-paths@5.0.1_vite@5.4.3__@types+node@20.16.4_@types+node@18.16.19": {
      "integrity": "sha512-yqwv+LstU7NwPeNqajZzLEBVpUFU6Dugtb2P84FXuvaoYA+/70l9MHE+GYfYAycVyPSDYZ7mjOFuYBRqlEpTig==",
      "dependencies": [
        "debug",
        "globrex",
        "tsconfck",
        "vite@5.4.3_@types+node@20.16.4_@types+node@18.16.19"
      ]
    },
    "vite@2.6.14_less@4.2.0_sass@1.78.0_stylus@0.63.0": {
      "integrity": "sha512-2HA9xGyi+EhY2MXo0+A2dRsqsAG3eFNEVIo12olkWhOmc8LfiM+eMdrXf+Ruje9gdXgvSqjLI9freec1RUM5EA==",
      "dependencies": [
        "esbuild@0.13.15",
        "fsevents",
        "less",
        "postcss",
        "resolve",
        "rollup@2.79.1",
        "sass",
        "stylus"
      ]
    },
    "vite@5.4.3_@types+node@20.16.4": {
      "integrity": "sha512-IH+nl64eq9lJjFqU+/yrRnrHPVTlgy42/+IzbOdaFDVlyLgI/wDlf+FCobXLX1cT0X5+7LMyH1mIy2xJdLfo8Q==",
      "dependencies": [
        "@types/node@20.16.4",
        "esbuild@0.21.5",
        "fsevents",
        "postcss",
        "rollup@4.21.2"
      ]
    },
    "vite@5.4.3_@types+node@20.16.4_@types+node@18.16.19": {
      "integrity": "sha512-IH+nl64eq9lJjFqU+/yrRnrHPVTlgy42/+IzbOdaFDVlyLgI/wDlf+FCobXLX1cT0X5+7LMyH1mIy2xJdLfo8Q==",
      "dependencies": [
        "@types/node@18.16.19",
        "esbuild@0.21.5",
        "fsevents",
        "postcss",
        "rollup@4.21.2"
      ]
    },
    "vitefu@0.2.5_vite@5.4.3__@types+node@20.16.4_@types+node@20.16.4": {
      "integrity": "sha512-SgHtMLoqaeeGnd2evZ849ZbACbnwQCIwRH57t18FxcXoZop0uQu0uzlIhJBlF/eWVzuce0sHeqPcDo+evVcg8Q==",
      "dependencies": [
        "vite@5.4.3_@types+node@20.16.4"
      ]
    },
    "which@2.0.2": {
      "integrity": "sha512-BLI3Tl1TW3Pvl70l3yq3Y64i+awpwXqsGBYWkkqMtnbXgrMD+yj7rhW0kuEDxzJaYXGjEW5ogapKNMEKNMjibA==",
      "dependencies": [
        "isexe"
      ]
    },
    "wrappy@1.0.2": {
      "integrity": "sha512-l4Sp/DRseor9wL6EvV2+TuQn63dMkPjZ/sp9XkghTEbV9KlPS1xUsZ3u7/IQO4wxtcFB4bgpQPRcR3QCvezPcQ=="
    },
    "yallist@3.1.1": {
      "integrity": "sha512-a4UGQaWPH59mOXUYnAG2ewncQS4i4F43Tv3JoAM+s2VDAmS9NsK8GpDMLrCHPksFT7h3K6TOoUNn2pb7RoXx4g=="
    },
    "zod@3.23.8": {
      "integrity": "sha512-XBx9AXhXktjUqnepgTiE5flcKIYWi/rme0Eaj+5Y0lftuGBq+jyRu/md4WnuxqgP1ubdpNCsYEYPxrzVHD8d6g=="
    }
  },
  "redirects": {
    "https://deno.land/x/media_types/mod.ts": "https://deno.land/x/media_types@deprecated/mod.ts"
  },
  "remote": {
    "https://deno.land/std@0.140.0/_util/assert.ts": "e94f2eb37cebd7f199952e242c77654e43333c1ac4c5c700e929ea3aa5489f74",
    "https://deno.land/std@0.140.0/_util/os.ts": "3b4c6e27febd119d36a416d7a97bd3b0251b77c88942c8f16ee5953ea13e2e49",
    "https://deno.land/std@0.140.0/path/_constants.ts": "df1db3ffa6dd6d1252cc9617e5d72165cd2483df90e93833e13580687b6083c3",
    "https://deno.land/std@0.140.0/path/_interface.ts": "ee3b431a336b80cf445441109d089b70d87d5e248f4f90ff906820889ecf8d09",
    "https://deno.land/std@0.140.0/path/_util.ts": "c1e9686d0164e29f7d880b2158971d805b6e0efc3110d0b3e24e4b8af2190d2b",
    "https://deno.land/std@0.140.0/path/common.ts": "bee563630abd2d97f99d83c96c2fa0cca7cee103e8cb4e7699ec4d5db7bd2633",
    "https://deno.land/std@0.140.0/path/glob.ts": "cb5255638de1048973c3e69e420c77dc04f75755524cb3b2e160fe9277d939ee",
    "https://deno.land/std@0.140.0/path/mod.ts": "d3e68d0abb393fb0bf94a6d07c46ec31dc755b544b13144dee931d8d5f06a52d",
    "https://deno.land/std@0.140.0/path/posix.ts": "293cdaec3ecccec0a9cc2b534302dfe308adb6f10861fa183275d6695faace44",
    "https://deno.land/std@0.140.0/path/separator.ts": "fe1816cb765a8068afb3e8f13ad272351c85cbc739af56dacfc7d93d710fe0f9",
    "https://deno.land/std@0.140.0/path/win32.ts": "31811536855e19ba37a999cd8d1b62078235548d67902ece4aa6b814596dd757",
    "https://deno.land/std@0.224.0/media_types/_db.ts": "19563a2491cd81b53b9c1c6ffd1a9145c355042d4a854c52f6e1424f73ff3923",
    "https://deno.land/std@0.224.0/media_types/_util.ts": "e0b8da0c7d8ad2015cf27ac16ddf0809ac984b2f3ec79f7fa4206659d4f10deb",
    "https://deno.land/std@0.224.0/media_types/content_type.ts": "ed3f2e1f243b418ad3f441edc95fd92efbadb0f9bde36219c7564c67f9639513",
    "https://deno.land/std@0.224.0/media_types/extension.ts": "ec91e1818864cb84f8053ecafb270eaca702412c15c2086929ae34132e11c56a",
    "https://deno.land/std@0.224.0/media_types/extensions_by_type.ts": "9db10797e09421815688c8f7a2fbfd5dcb040fa5c488278f1b9e04359369bd0b",
    "https://deno.land/std@0.224.0/media_types/format_media_type.ts": "ffef4718afa2489530cb94021bb865a466eb02037609f7e82899c017959d288a",
    "https://deno.land/std@0.224.0/media_types/get_charset.ts": "277ebfceb205bd34e616fe6764ef03fb277b77f040706272bea8680806ae3f11",
    "https://deno.land/std@0.224.0/media_types/mod.ts": "c8acfa43ce3993e99f4d8aa60fb828a4eee3ab6920aaeb90f6a3d63f6f4f3435",
    "https://deno.land/std@0.224.0/media_types/parse_media_type.ts": "487f000a38c230ccbac25420a50f600862e06796d0eee19d19631b9e84ee9654",
    "https://deno.land/std@0.224.0/media_types/type_by_extension.ts": "bf4e3f5d6b58b624d5daa01cbb8b1e86d9939940a77e7c26e796a075b60ec73b",
    "https://deno.land/std@0.224.0/media_types/vendor/mime-db.v1.52.0.ts": "0218d2c7d900e8cd6fa4a866e0c387712af4af9a1bae55d6b2546c73d273a1e6",
    "https://deno.land/x/media_types@deprecated/mod.ts": "ef1423031579cc0cc125f099572dd3c245d1f7d71aed1da077515d29ba5636d6",
    "https://raw.githubusercontent.com/jshttp/mime-db/v1.52.0/db.json": "85c8e1ba609079947c8df83c092900ab0226e1d7b60e5e7105fb7dd701833263"
  },
  "workspace": {
    "dependencies": [
      "npm:@amatiasq/scheduler@3",
      "npm:@electric-sql/pglite@~0.2.5",
      "npm:@solidjs/router@~0.14.1",
      "npm:dotenv@^16.4.5",
      "npm:drizzle-orm@~0.31.4",
      "npm:postgres@^3.4.4",
      "npm:solid-js@^1.8.18"
    ],
    "packageJson": {
      "dependencies": [
        "npm:@amatiasq/scheduler@3",
        "npm:@electric-sql/pglite@~0.2.5",
        "npm:@solidjs/router@~0.14.1",
        "npm:@types/node@^20.14.8",
        "npm:drizzle-kit@~0.22.8",
        "npm:drizzle-orm@~0.31.4",
        "npm:postgres@^3.4.4",
        "npm:solid-js@^1.8.18",
        "npm:vite-plugin-import-maps@~0.1.2",
        "npm:vite-plugin-solid@^2.10.2",
        "npm:vite-tsconfig-paths@^5.0.1",
        "npm:vite@^5.4.3"
      ]
    }
  }
}
